
Microsoft Visual Studio Solution File, Format Version 12.00
# Visual Studio 15
VisualStudioVersion = 15.0.27130.2036
MinimumVisualStudioVersion = 10.0.40219.1
Project("{9A19103F-16F7-4668-BE54-9A1E7A4F7556}") = "Polygen.DotnetTool", "Polygen.DotnetTool\Polygen.DotnetTool.csproj", "{F2B691B6-9574-4E67-98AF-666885948697}"
EndProject
Project("{2150E333-8FDC-42A3-9474-1A3956D46DE8}") = "Core", "Core", "{23892BAB-CF74-427B-A1A8-87FC89AEDB8F}"
EndProject
Project("{2150E333-8FDC-42A3-9474-1A3956D46DE8}") = "Plugins", "Plugins", "{24030A94-665D-41BB-8F4D-8532B2F7B93E}"
EndProject
Project("{9A19103F-16F7-4668-BE54-9A1E7A4F7556}") = "Polygen.Common", "Polygen.Common\Polygen.Common.csproj", "{9F225EFC-5D41-41D8-85FC-9114422AFFB8}"
EndProject
Project("{9A19103F-16F7-4668-BE54-9A1E7A4F7556}") = "Polygen.Core", "Polygen.Core\Polygen.Core.csproj", "{00FA3E7D-417B-48BD-BCCD-2A34515B7E43}"
EndProject
Project("{9A19103F-16F7-4668-BE54-9A1E7A4F7556}") = "Polygen.Plugins.Base", "Polygen.Plugins.Base\Polygen.Plugins.Base.csproj", "{392BD726-8278-4795-A4F1-E2C92A669835}"
EndProject
Project("{9A19103F-16F7-4668-BE54-9A1E7A4F7556}") = "Polygen.Core.Tests", "Polygen.Core.Tests\Polygen.Core.Tests.csproj", "{94DBF981-2DB6-401C-BD2E-3A0C09F403FB}"
EndProject
Project("{9A19103F-16F7-4668-BE54-9A1E7A4F7556}") = "Polygen.Common.Tests", "Polygen.Common.Tests\Polygen.Common.Tests.csproj", "{390FF8BE-7FFD-4A7D-9E36-05F4C6F7B008}"
EndProject
Project("{9A19103F-16F7-4668-BE54-9A1E7A4F7556}") = "Polygen.Plugins.Base.Tests", "Polygen.Plugins.Base.Tests\Polygen.Plugins.Base.Tests.csproj", "{66D2B8C6-6C67-428C-AC22-89D42C9505D1}"
EndProject
Project("{9A19103F-16F7-4668-BE54-9A1E7A4F7556}") = "Polygen.App", "Polygen.App\Polygen.App.csproj", "{E4DD6131-D190-4B19-AD69-686CF631C50D}"
EndProject
Project("{9A19103F-16F7-4668-BE54-9A1E7A4F7556}") = "Polygen.TestUtils", "Polygen.TestUtils\Polygen.TestUtils.csproj", "{A8DE9C7D-9625-4262-86E6-10EE23734F28}"
EndProject
Project("{9A19103F-16F7-4668-BE54-9A1E7A4F7556}") = "Polygen.Plugins.NHibernate", "Polygen.Plugins.NHibernate\Polygen.Plugins.NHibernate.csproj", "{EE1563CE-338D-453D-82FD-A0F985DF6B0D}"
EndProject
Project("{9A19103F-16F7-4668-BE54-9A1E7A4F7556}") = "Polygen.Templates.HandlebarsNet", "Polygen.Templates.HandlebarsNet\Polygen.Templates.HandlebarsNet.csproj", "{210AC66B-285D-4BB5-8DF7-C354D76ECDED}"
EndProject
Project("{9A19103F-16F7-4668-BE54-9A1E7A4F7556}") = "Polygen.Templates.HandlebarsNet.Tests", "Polygen.Templates.HandlebarsNet.Tests\Polygen.Templates.HandlebarsNet.Tests.csproj", "{1D8BDB79-5106-4FCE-8610-7E7E9DA93BBA}"
EndProject
Project("{9A19103F-16F7-4668-BE54-9A1E7A4F7556}") = "Polygen.App.Tests", "Polygen.App.Tests\Polygen.App.Tests.csproj", "{AC452614-463B-4F08-8F1A-7A72C47FB8F3}"
EndProject
Project("{2150E333-8FDC-42A3-9474-1A3956D46DE8}") = "Templates", "Templates", "{F80300E9-0AB0-4531-BE0E-14AB056F2F89}"
EndProject
Project("{FAE04EC0-301F-11D3-BF4B-00C04F79EFBC}") = "Polygen.Plugins.NHibernate.Tests", "Polygen.Plugins.NHibernate.Tests\Polygen.Plugins.NHibernate.Tests.csproj", "{D79B5DFA-6148-4161-9B8B-C12247786795}"
EndProject
Global
	GlobalSection(SolutionConfigurationPlatforms) = preSolution
		Debug|Any CPU = Debug|Any CPU
		Release|Any CPU = Release|Any CPU
	EndGlobalSection
	GlobalSection(ProjectConfigurationPlatforms) = postSolution
		{F2B691B6-9574-4E67-98AF-666885948697}.Debug|Any CPU.ActiveCfg = Debug|Any CPU
		{F2B691B6-9574-4E67-98AF-666885948697}.Debug|Any CPU.Build.0 = Debug|Any CPU
		{F2B691B6-9574-4E67-98AF-666885948697}.Release|Any CPU.ActiveCfg = Release|Any CPU
		{F2B691B6-9574-4E67-98AF-666885948697}.Release|Any CPU.Build.0 = Release|Any CPU
		{9F225EFC-5D41-41D8-85FC-9114422AFFB8}.Debug|Any CPU.ActiveCfg = Debug|Any CPU
		{9F225EFC-5D41-41D8-85FC-9114422AFFB8}.Debug|Any CPU.Build.0 = Debug|Any CPU
		{9F225EFC-5D41-41D8-85FC-9114422AFFB8}.Release|Any CPU.ActiveCfg = Release|Any CPU
		{9F225EFC-5D41-41D8-85FC-9114422AFFB8}.Release|Any CPU.Build.0 = Release|Any CPU
		{00FA3E7D-417B-48BD-BCCD-2A34515B7E43}.Debug|Any CPU.ActiveCfg = Debug|Any CPU
		{00FA3E7D-417B-48BD-BCCD-2A34515B7E43}.Debug|Any CPU.Build.0 = Debug|Any CPU
		{00FA3E7D-417B-48BD-BCCD-2A34515B7E43}.Release|Any CPU.ActiveCfg = Release|Any CPU
		{00FA3E7D-417B-48BD-BCCD-2A34515B7E43}.Release|Any CPU.Build.0 = Release|Any CPU
		{392BD726-8278-4795-A4F1-E2C92A669835}.Debug|Any CPU.ActiveCfg = Debug|Any CPU
		{392BD726-8278-4795-A4F1-E2C92A669835}.Debug|Any CPU.Build.0 = Debug|Any CPU
		{392BD726-8278-4795-A4F1-E2C92A669835}.Release|Any CPU.ActiveCfg = Release|Any CPU
		{392BD726-8278-4795-A4F1-E2C92A669835}.Release|Any CPU.Build.0 = Release|Any CPU
		{94DBF981-2DB6-401C-BD2E-3A0C09F403FB}.Debug|Any CPU.ActiveCfg = Debug|Any CPU
		{94DBF981-2DB6-401C-BD2E-3A0C09F403FB}.Debug|Any CPU.Build.0 = Debug|Any CPU
		{94DBF981-2DB6-401C-BD2E-3A0C09F403FB}.Release|Any CPU.ActiveCfg = Release|Any CPU
		{94DBF981-2DB6-401C-BD2E-3A0C09F403FB}.Release|Any CPU.Build.0 = Release|Any CPU
		{390FF8BE-7FFD-4A7D-9E36-05F4C6F7B008}.Debug|Any CPU.ActiveCfg = Debug|Any CPU
		{390FF8BE-7FFD-4A7D-9E36-05F4C6F7B008}.Debug|Any CPU.Build.0 = Debug|Any CPU
		{390FF8BE-7FFD-4A7D-9E36-05F4C6F7B008}.Release|Any CPU.ActiveCfg = Release|Any CPU
		{390FF8BE-7FFD-4A7D-9E36-05F4C6F7B008}.Release|Any CPU.Build.0 = Release|Any CPU
		{66D2B8C6-6C67-428C-AC22-89D42C9505D1}.Debug|Any CPU.ActiveCfg = Debug|Any CPU
		{66D2B8C6-6C67-428C-AC22-89D42C9505D1}.Debug|Any CPU.Build.0 = Debug|Any CPU
		{66D2B8C6-6C67-428C-AC22-89D42C9505D1}.Release|Any CPU.ActiveCfg = Release|Any CPU
		{66D2B8C6-6C67-428C-AC22-89D42C9505D1}.Release|Any CPU.Build.0 = Release|Any CPU
		{E4DD6131-D190-4B19-AD69-686CF631C50D}.Debug|Any CPU.ActiveCfg = Debug|Any CPU
		{E4DD6131-D190-4B19-AD69-686CF631C50D}.Debug|Any CPU.Build.0 = Debug|Any CPU
		{E4DD6131-D190-4B19-AD69-686CF631C50D}.Release|Any CPU.ActiveCfg = Release|Any CPU
		{E4DD6131-D190-4B19-AD69-686CF631C50D}.Release|Any CPU.Build.0 = Release|Any CPU
		{A8DE9C7D-9625-4262-86E6-10EE23734F28}.Debug|Any CPU.ActiveCfg = Debug|Any CPU
		{A8DE9C7D-9625-4262-86E6-10EE23734F28}.Debug|Any CPU.Build.0 = Debug|Any CPU
		{A8DE9C7D-9625-4262-86E6-10EE23734F28}.Release|Any CPU.ActiveCfg = Release|Any CPU
		{A8DE9C7D-9625-4262-86E6-10EE23734F28}.Release|Any CPU.Build.0 = Release|Any CPU
		{EE1563CE-338D-453D-82FD-A0F985DF6B0D}.Debug|Any CPU.ActiveCfg = Debug|Any CPU
		{EE1563CE-338D-453D-82FD-A0F985DF6B0D}.Debug|Any CPU.Build.0 = Debug|Any CPU
		{EE1563CE-338D-453D-82FD-A0F985DF6B0D}.Release|Any CPU.ActiveCfg = Release|Any CPU
		{EE1563CE-338D-453D-82FD-A0F985DF6B0D}.Release|Any CPU.Build.0 = Release|Any CPU
		{210AC66B-285D-4BB5-8DF7-C354D76ECDED}.Debug|Any CPU.ActiveCfg = Debug|Any CPU
		{210AC66B-285D-4BB5-8DF7-C354D76ECDED}.Debug|Any CPU.Build.0 = Debug|Any CPU
		{210AC66B-285D-4BB5-8DF7-C354D76ECDED}.Release|Any CPU.ActiveCfg = Release|Any CPU
		{210AC66B-285D-4BB5-8DF7-C354D76ECDED}.Release|Any CPU.Build.0 = Release|Any CPU
		{1D8BDB79-5106-4FCE-8610-7E7E9DA93BBA}.Debug|Any CPU.ActiveCfg = Debug|Any CPU
		{1D8BDB79-5106-4FCE-8610-7E7E9DA93BBA}.Debug|Any CPU.Build.0 = Debug|Any CPU
		{1D8BDB79-5106-4FCE-8610-7E7E9DA93BBA}.Release|Any CPU.ActiveCfg = Release|Any CPU
		{1D8BDB79-5106-4FCE-8610-7E7E9DA93BBA}.Release|Any CPU.Build.0 = Release|Any CPU
		{AC452614-463B-4F08-8F1A-7A72C47FB8F3}.Debug|Any CPU.ActiveCfg = Debug|Any CPU
		{AC452614-463B-4F08-8F1A-7A72C47FB8F3}.Debug|Any CPU.Build.0 = Debug|Any CPU
		{AC452614-463B-4F08-8F1A-7A72C47FB8F3}.Release|Any CPU.ActiveCfg = Release|Any CPU
		{AC452614-463B-4F08-8F1A-7A72C47FB8F3}.Release|Any CPU.Build.0 = Release|Any CPU
		{D79B5DFA-6148-4161-9B8B-C12247786795}.Debug|Any CPU.ActiveCfg = Debug|Any CPU
		{D79B5DFA-6148-4161-9B8B-C12247786795}.Debug|Any CPU.Build.0 = Debug|Any CPU
		{D79B5DFA-6148-4161-9B8B-C12247786795}.Release|Any CPU.ActiveCfg = Release|Any CPU
		{D79B5DFA-6148-4161-9B8B-C12247786795}.Release|Any CPU.Build.0 = Release|Any CPU
	EndGlobalSection
	GlobalSection(SolutionProperties) = preSolution
		HideSolutionNode = FALSE
	EndGlobalSection
	GlobalSection(NestedProjects) = preSolution
		{F2B691B6-9574-4E67-98AF-666885948697} = {23892BAB-CF74-427B-A1A8-87FC89AEDB8F}
		{9F225EFC-5D41-41D8-85FC-9114422AFFB8} = {23892BAB-CF74-427B-A1A8-87FC89AEDB8F}
		{00FA3E7D-417B-48BD-BCCD-2A34515B7E43} = {23892BAB-CF74-427B-A1A8-87FC89AEDB8F}
		{392BD726-8278-4795-A4F1-E2C92A669835} = {24030A94-665D-41BB-8F4D-8532B2F7B93E}
		{94DBF981-2DB6-401C-BD2E-3A0C09F403FB} = {23892BAB-CF74-427B-A1A8-87FC89AEDB8F}
		{390FF8BE-7FFD-4A7D-9E36-05F4C6F7B008} = {23892BAB-CF74-427B-A1A8-87FC89AEDB8F}
		{66D2B8C6-6C67-428C-AC22-89D42C9505D1} = {24030A94-665D-41BB-8F4D-8532B2F7B93E}
		{E4DD6131-D190-4B19-AD69-686CF631C50D} = {23892BAB-CF74-427B-A1A8-87FC89AEDB8F}
		{A8DE9C7D-9625-4262-86E6-10EE23734F28} = {23892BAB-CF74-427B-A1A8-87FC89AEDB8F}
		{EE1563CE-338D-453D-82FD-A0F985DF6B0D} = {24030A94-665D-41BB-8F4D-8532B2F7B93E}
		{210AC66B-285D-4BB5-8DF7-C354D76ECDED} = {23892BAB-CF74-427B-A1A8-87FC89AEDB8F}
		{1D8BDB79-5106-4FCE-8610-7E7E9DA93BBA} = {23892BAB-CF74-427B-A1A8-87FC89AEDB8F}
		{AC452614-463B-4F08-8F1A-7A72C47FB8F3} = {23892BAB-CF74-427B-A1A8-87FC89AEDB8F}
		{D79B5DFA-6148-4161-9B8B-C12247786795} = {24030A94-665D-41BB-8F4D-8532B2F7B93E}
	EndGlobalSection
	GlobalSection(ExtensibilityGlobals) = postSolution
		SolutionGuid = {05DCB1CA-30E2-49BE-B4F9-8248E4A2A192}
	EndGlobalSection
EndGlobal
